Microsoft Visual Studio Solution File, Format Version 11.00
# Visual Studio 2008

Project("{8C565607-A988-91B8-60DE-1CDD32FF85A2}") = "GameJamProjectFolder", "Assembly-CSharp.csproj", "{7DD37528-325A-0FB2-80F4-77ED80FBEB80}"
EndProject
Global
	GlobalSection(SolutionConfigurationPlatforms) = preSolution
		Debug|Any CPU = Debug|Any CPU
		Release|Any CPU = Release|Any CPU
	EndGlobalSection
	GlobalSection(ProjectConfigurationPlatforms) = postSolution
		{7DD37528-325A-0FB2-80F4-77ED80FBEB80}.Debug|Any CPU.ActiveCfg = Debug|Any CPU
		{7DD37528-325A-0FB2-80F4-77ED80FBEB80}.Debug|Any CPU.Build.0 = Debug|Any CPU
		{7DD37528-325A-0FB2-80F4-77ED80FBEB80}.Release|Any CPU.ActiveCfg = Release|Any CPU
		{7DD37528-325A-0FB2-80F4-77ED80FBEB80}.Release|Any CPU.Build.0 = Release|Any CPU
	EndGlobalSection
	GlobalSection(SolutionProperties) = preSolution
		HideSolutionNode = FALSE
	EndGlobalSection
	GlobalSection(MonoDevelopProperties) = preSolution
		StartupItem = Assembly-CSharp.csproj
	EndGlobalSection
EndGlobal
